// !$*UTF8*$!
{
	archiveVersion = 1;
	classes = {
	};
	objectVersion = 46;
	objects = {

/* Begin PBXBuildFile section */
		A125BEEA1F405DF50005FAC0 /* AppDelegate.swift in Sources */ = {isa = PBXBuildFile; fileRef = A125BEE91F405DF50005FAC0 /* AppDelegate.swift */; };
		A125BEEC1F405DF50005FAC0 /* ViewController.swift in Sources */ = {isa = PBXBuildFile; fileRef = A125BEEB1F405DF50005FAC0 /* ViewController.swift */; };
		A125BEEF1F405DF50005FAC0 /* Main.storyboard in Resources */ = {isa = PBXBuildFile; fileRef = A125BEED1F405DF50005FAC0 /* Main.storyboard */; };
		A125BEF11F405DF50005FAC0 /* Assets.xcassets in Resources */ = {isa = PBXBuildFile; fileRef = A125BEF01F405DF50005FAC0 /* Assets.xcassets */; };
		A125BEF41F405DF50005FAC0 /* LaunchScreen.storyboard in Resources */ = {isa = PBXBuildFile; fileRef = A125BEF21F405DF50005FAC0 /* LaunchScreen.storyboard */; };
		A125BEFD1F405E300005FAC0 /* CustomView.swift in Sources */ = {isa = PBXBuildFile; fileRef = A125BEFB1F405E300005FAC0 /* CustomView.swift */; };
		A125BEFE1F405E300005FAC0 /* QCMethod.swift in Sources */ = {isa = PBXBuildFile; fileRef = A125BEFC1F405E300005FAC0 /* QCMethod.swift */; };
/* End PBXBuildFile section */

/* Begin PBXFileReference section */
		A125BEE61F405DF50005FAC0 /* AnimatingProgressIOS.app */ = {isa = PBXFileReference; explicitFileType = wrapper.application; includeInIndex = 0; path = AnimatingProgressIOS.app; sourceTree = BUILT_PRODUCTS_DIR; };
		A125BEE91F405DF50005FAC0 /* AppDelegate.swift */ = {isa = PBXFileReference; lastKnownFileType = sourcecode.swift; path = AppDelegate.swift; sourceTree = "<group>"; };
		A125BEEB1F405DF50005FAC0 /* ViewController.swift */ = {isa = PBXFileReference; lastKnownFileType = sourcecode.swift; path = ViewController.swift; sourceTree = "<group>"; };
		A125BEEE1F405DF50005FAC0 /* Base */ = {isa = PBXFileReference; lastKnownFileType = file.storyboard; name = Base; path = Base.lproj/Main.storyboard; sourceTree = "<group>"; };
		A125BEF01F405DF50005FAC0 /* Assets.xcassets */ = {isa = PBXFileReference; lastKnownFileType = folder.assetcatalog; path = Assets.xcassets; sourceTree = "<group>"; };
		A125BEF31F405DF50005FAC0 /* Base */ = {isa = PBXFileReference; lastKnownFileType = file.storyboard; name = Base; path = Base.lproj/LaunchScreen.storyboard; sourceTree = "<group>"; };
		A125BEF51F405DF50005FAC0 /* Info.plist */ = {isa = PBXFileReference; lastKnownFileType = text.plist.xml; path = Info.plist; sourceTree = "<group>"; };
		A125BEFB1F405E300005FAC0 /* CustomView.swift */ = {isa = PBXFileReference; fileEncoding = 4; lastKnownFileType = sourcecode.swift; path = CustomView.swift; sourceTree = "<group>"; };
		A125BEFC1F405E300005FAC0 /* QCMethod.swift */ = {isa = PBXFileReference; fileEncoding = 4; lastKnownFileType = sourcecode.swift; path = QCMethod.swift; sourceTree = "<group>"; };
/* End PBXFileReference section */

/* Begin PBXFrameworksBuildPhase section */
		A125BEE31F405DF50005FAC0 /* Frameworks */ = {
			isa = PBXFrameworksBuildPhase;
			buildActionMask = 2147483647;
			files = (
			);
			runOnlyForDeploymentPostprocessing = 0;
		};
/* End PBXFrameworksBuildPhase section */

/* Begin PBXGroup section */
		A125BEDD1F405DF50005FAC0 = {
			isa = PBXGroup;
			children = (
				A125BEE81F405DF50005FAC0 /* AnimatingProgressIOS */,
				A125BEE71F405DF50005FAC0 /* Products */,
			);
			sourceTree = "<group>";
		};
		A125BEE71F405DF50005FAC0 /* Products */ = {
			isa = PBXGroup;
			children = (
				A125BEE61F405DF50005FAC0 /* AnimatingProgressIOS.app */,
			);
			name = Products;
			sourceTree = "<group>";
		};
		A125BEE81F405DF50005FAC0 /* AnimatingProgressIOS */ = {
			isa = PBXGroup;
			children = (
				A125BEFB1F405E300005FAC0 /* CustomView.swift */,
				A125BEFC1F405E300005FAC0 /* QCMethod.swift */,
				A125BEE91F405DF50005FAC0 /* AppDelegate.swift */,
				A125BEEB1F405DF50005FAC0 /* ViewController.swift */,
				A125BEED1F405DF50005FAC0 /* Main.storyboard */,
				A125BEF01F405DF50005FAC0 /* Assets.xcassets */,
				A125BEF21F405DF50005FAC0 /* LaunchScreen.storyboard */,
				A125BEF51F405DF50005FAC0 /* Info.plist */,
			);
			path = AnimatingProgressIOS;
			sourceTree = "<group>";
		};
/* End PBXGroup section */

/* Begin PBXNativeTarget section */
		A125BEE51F405DF50005FAC0 /* AnimatingProgressIOS */ = {
			isa = PBXNativeTarget;
			buildConfigurationList = A125BEF81F405DF50005FAC0 /* Build configuration list for PBXNativeTarget "AnimatingProgressIOS" */;
			buildPhases = (
				A125BEE21F405DF50005FAC0 /* Sources */,
				A125BEE31F405DF50005FAC0 /* Frameworks */,
				A125BEE41F405DF50005FAC0 /* Resources */,
			);
			buildRules = (
			);
			dependencies = (
			);
			name = AnimatingProgressIOS;
			productName = AnimatingProgressIOS;
			productReference = A125BEE61F405DF50005FAC0 /* AnimatingProgressIOS.app */;
			productType = "com.apple.product-type.application";
		};
/* End PBXNativeTarget section */

/* Begin PBXProject section */
		A125BEDE1F405DF50005FAC0 /* Project object */ = {
			isa = PBXProject;
			attributes = {
				LastSwiftUpdateCheck = 0830;
				LastUpgradeCheck = 0830;
				ORGANIZATIONNAME = "Tanveer Singh";
				TargetAttributes = {
					A125BEE51F405DF50005FAC0 = {
						CreatedOnToolsVersion = 8.3.1;
						DevelopmentTeam = RH9T3ENP8E;
						ProvisioningStyle = Automatic;
					};
				};
			};
			buildConfigurationList = A125BEE11F405DF50005FAC0 /* Build configuration list for PBXProject "AnimatingProgressIOS" */;
			compatibilityVersion = "Xcode 3.2";
			developmentRegion = English;
			hasScannedForEncodings = 0;
			knownRegions = (
				en,
				Base,
			);
			mainGroup = A125BEDD1F405DF50005FAC0;
			productRefGroup = A125BEE71F405DF50005FAC0 /* Products */;
			projectDirPath = "";
			projectRoot = "";
			targets = (
				A125BEE51F405DF50005FAC0 /* AnimatingProgressIOS */,
			);
		};
/* End PBXProject section */

/* Begin PBXResourcesBuildPhase section */
		A125BEE41F405DF50005FAC0 /* Resources */ = {
			isa = PBXResourcesBuildPhase;
			buildActionMask = 2147483647;
			files = (
				A125BEF41F405DF50005FAC0 /* LaunchScreen.storyboard in Resources */,
				A125BEF11F405DF50005FAC0 /* Assets.xcassets in Resources */,
				A125BEEF1F405DF50005FAC0 /* Main.storyboard in Resources */,
			);
			runOnlyForDeploymentPostprocessing = 0;
		};
/* End PBXResourcesBuildPhase section */

/* Begin PBXSourcesBuildPhase section */
		A125BEE21F405DF50005FAC0 /* Sources */ = {
			isa = PBXSourcesBuildPhase;
			buildActionMask = 2147483647;
			files = (
				A125BEFD1F405E300005FAC0 /* CustomView.swift in Sources */,
				A125BEEC1F405DF50005FAC0 /* ViewController.swift in Sources */,
				A125BEFE1F405E300005FAC0 /* QCMethod.swift in Sources */,
				A125BEEA1F405DF50005FAC0 /* AppDelegate.swift in Sources */,
			);
			runOnlyForDeploymentPostprocessing = 0;
		};
/* End PBXSourcesBuildPhase section */

/* Begin PBXVariantGroup section */
		A125BEED1F405DF50005FAC0 /* Main.storyboard */ = {
			isa = PBXVariantGroup;
			children = (
				A125BEEE1F405DF50005FAC0 /* Base */,
			);
			name = Main.storyboard;
			sourceTree = "<group>";
		};
		A125BEF21F405DF50005FAC0 /* LaunchScreen.storyboard */ = {
			isa = PBXVariantGroup;
			children = (
				A125BEF31F405DF50005FAC0 /* Base */,
			);
			name = LaunchScreen.storyboard;
			sourceTree = "<group>";
		};
/* End PBXVariantGroup section */

/* Begin XCBuildConfiguration section */
		A125BEF61F405DF50005FAC0 /* Debug */ = {
			isa = XCBuildConfiguration;
			buildSettings = {
				ALWAYS_SEARCH_USER_PATHS = NO;
				CLANG_ANALYZER_NONNULL = YES;
				CLANG_ANALYZER_NUMBER_OBJECT_CONVERSION = YES_AGGRESSIVE;
				CLANG_CXX_LANGUAGE_STANDARD = "gnu++0x";
				CLANG_CXX_LIBRARY = "libc++";
				CLANG_ENABLE_MODULES = YES;
				CLANG_ENABLE_OBJC_ARC = YES;
				CLANG_WARN_BOOL_CONVERSION = YES;
				CLANG_WARN_CONSTANT_CONVERSION = YES;
				CLANG_WARN_DIRECT_OBJC_ISA_USAGE = YES_ERROR;
				CLANG_WARN_DOCUMENTATION_COMMENTS = YES;
				CLANG_WARN_EMPTY_BODY = YES;
				CLANG_WARN_ENUM_CONVERSION = YES;
				CLANG_WARN_INFINITE_RECURSION = YES;
				CLANG_WARN_INT_CONVERSION = YES;
				CLANG_WARN_OBJC_ROOT_CLASS = YES_ERROR;
				CLANG_WARN_SUSPICIOUS_MOVE = YES;
				CLANG_WARN_UNREACHABLE_CODE = YES;
				CLANG_WARN__DUPLICATE_METHOD_MATCH = YES;
				"CODE_SIGN_IDENTITY[sdk=iphoneos*]" = "iPhone Developer";
				COPY_PHASE_STRIP = NO;
				DEBUG_INFORMATION_FORMAT = dwarf;
				ENABLE_STRICT_OBJC_MSGSEND = YES;
				ENABLE_TESTABILITY = YES;
				GCC_C_LANGUAGE_STANDARD = gnu99;
				GCC_DYNAMIC_NO_PIC = NO;
				GCC_NO_COMMON_BLOCKS = YES;
				GCC_OPTIMIZATION_LEVEL = 0;
				GCC_PREPROCESSOR_DEFINITIONS = (
					"DEBUG=1",
					"$(inherited)",
				);
				GCC_WARN_64_TO_32_BIT_CONVERSION = YES;
				GCC_WARN_ABOUT_RETURN_TYPE = YES_ERROR;
				GCC_WARN_UNDECLARED_SELECTOR = YES;
				GCC_WARN_UNINITIALIZED_AUTOS = YES_AGGRESSIVE;
				GCC_WARN_UNUSED_FUNCTION = YES;
				GCC_WARN_UNUSED_VARIABLE = YES;
				IPHONEOS_DEPLOYMENT_TARGET = 10.3;
				MTL_ENABLE_DEBUG_INFO = YES;
				ONLY_ACTIVE_ARCH = YES;
				SDKROOT = iphoneos;
				SWIFT_ACTIVE_COMPILATION_CONDITIONS = DEBUG;
				SWIFT_OPTIMIZATION_LEVEL = "-Onone";
			};
			name = Debug;
		};
		A125BEF71F405DF50005FAC0 /* Release */ = {
			isa = XCBuildConfiguration;
			buildSettings = {
				ALWAYS_SEARCH_USER_PATHS = NO;
				CLANG_ANALYZER_NONNULL = YES;
				CLANG_ANALYZER_NUMBER_OBJECT_CONVERSION = YES_AGGRESSIVE;
				CLANG_CXX_LANGUAGE_STANDARD = "gnu++0x";
				CLANG_CXX_LIBRARY = "libc++";
				CLANG_ENABLE_MODULES = YES;
				CLANG_ENABLE_OBJC_ARC = YES;
				CLANG_WARN_BOOL_CONVERSION = YES;
				CLANG_WARN_CONSTANT_CONVERSION = YES;
				CLANG_WARN_DIRECT_OBJC_ISA_USAGE = YES_ERROR;
				CLANG_WARN_DOCUMENTATION_COMMENTS = YES;
				CLANG_WARN_EMPTY_BODY = YES;
				CLANG_WARN_ENUM_CONVERSION = YES;
				CLANG_WARN_INFINITE_RECURSION = YES;
				CLANG_WARN_INT_CONVERSION = YES;
				CLANG_WARN_OBJC_ROOT_CLASS = YES_ERROR;
				CLANG_WARN_SUSPICIOUS_MOVE = YES;
				CLANG_WARN_UNREACHABLE_CODE = YES;
				CLANG_WARN__DUPLICATE_METHOD_MATCH = YES;
				"CODE_SIGN_IDENTITY[sdk=iphoneos*]" = "iPhone Developer";
				COPY_PHASE_STRIP = NO;
				DEBUG_INFORMATION_FORMAT = "dwarf-with-dsym";
				ENABLE_NS_ASSERTIONS = NO;
				ENABLE_STRICT_OBJC_MSGSEND = YES;
				GCC_C_LANGUAGE_STANDARD = gnu99;
				GCC_NO_COMMON_BLOCKS = YES;
				GCC_WARN_64_TO_32_BIT_CONVERSION = YES;
				GCC_WARN_ABOUT_RETURN_TYPE = YES_ERROR;
				GCC_WARN_UNDECLARED_SELECTOR = YES;
				GCC_WARN_UNINITIALIZED_AUTOS = YES_AGGRESSIVE;
				GCC_WARN_UNUSED_FUNCTION = YES;
				GCC_WARN_UNUSED_VARIABLE = YES;
				IPHONEOS_DEPLOYMENT_TARGET = 10.3;
				MTL_ENABLE_DEBUG_INFO = NO;
				SDKROOT = iphoneos;
				SWIFT_OPTIMIZATION_LEVEL = "-Owholemodule";
				VALIDATE_PRODUCT = YES;
			};
			name = Release;
		};
		A125BEF91F405DF50005FAC0 /* Debug */ = {
			isa = XCBuildConfiguration;
			buildSettings = {
				ASSETCATALOG_COMPILER_APPICON_NAME = AppIcon;
				DEVELOPMENT_TEAM = RH9T3ENP8E;
				INFOPLIST_FILE = AnimatingProgressIOS/Info.plist;
				LD_RUNPATH_SEARCH_PATHS = "$(inherited) @executable_path/Frameworks";
				PRODUCT_BUNDLE_IDENTIFIER = com.tanveer.AnimatingProgressIOS;
				PRODUCT_NAME = "$(TARGET_NAME)";
				SWIFT_VERSION = 3.0;
			};
			name = Debug;
		};
		A125BEFA1F405DF50005FAC0 /* Release */ = {
			isa = XCBuildConfiguration;
			buildSettings = {
				ASSETCATALOG_COMPILER_APPICON_NAME = AppIcon;
				DEVELOPMENT_TEAM = RH9T3ENP8E;
				INFOPLIST_FILE = AnimatingProgressIOS/Info.plist;
				LD_RUNPATH_SEARCH_PATHS = "$(inherited) @executable_path/Frameworks";
				PRODUCT_BUNDLE_IDENTIFIER = com.tanveer.AnimatingProgressIOS;
				PRODUCT_NAME = "$(TARGET_NAME)";
				SWIFT_VERSION = 3.0;
			};
			name = Release;
		};
/* End XCBuildConfiguration section */

/* Begin XCConfigurationList section */
		A125BEE11F405DF50005FAC0 /* Build configuration list for PBXProject "AnimatingProgressIOS" */ = {
			isa = XCConfigurationList;
			buildConfigurations = (
				A125BEF61F405DF50005FAC0 /* Debug */,
				A125BEF71F405DF50005FAC0 /* Release */,
			);
			defaultConfigurationIsVisible = 0;
			defaultConfigurationName = Release;
		};
		A125BEF81F405DF50005FAC0 /* Build configuration list for PBXNativeTarget "AnimatingProgressIOS" */ = {
			isa = XCConfigurationList;
			buildConfigurations = (
				A125BEF91F405DF50005FAC0 /* Debug */,
				A125BEFA1F405DF50005FAC0 /* Release */,
			);
			defaultConfigurationIsVisible = 0;
		};
/* End XCConfigurationList section */
	};
	rootObject = A125BEDE1F405DF50005FAC0 /* Project object */;
}
